
Microsoft Visual Studio Solution File, Format Version 12.00
# Visual Studio Version 17
VisualStudioVersion = 17.0.31903.59
MinimumVisualStudioVersion = 10.0.40219.1
Project("{FAE04EC0-301F-11D3-BF4B-00C04F79EFBC}") = "movieDatabaseAPI", "movieDatabaseAPI\movieDatabaseAPI.csproj", "{AA6E8F84-DDB9-491B-8E68-B4D3FE379C15}"
EndProject
Project("{FAE04EC0-301F-11D3-BF4B-00C04F79EFBC}") = "movieDatabaseAPI_Tests", "movieDatabaseAPI_Tests\movieDatabaseAPI_Tests.csproj", "{6EF97E4A-2876-4985-95A5-23B87413E4AA}"
EndProject
Global
	GlobalSection(SolutionConfigurationPlatforms) = preSolution
		Debug|Any CPU = Debug|Any CPU
		Release|Any CPU = Release|Any CPU
	EndGlobalSection
	GlobalSection(SolutionProperties) = preSolution
		HideSolutionNode = FALSE
	EndGlobalSection
	GlobalSection(ProjectConfigurationPlatforms) = postSolution
		{AA6E8F84-DDB9-491B-8E68-B4D3FE379C15}.Debug|Any CPU.ActiveCfg = Debug|Any CPU
		{AA6E8F84-DDB9-491B-8E68-B4D3FE379C15}.Debug|Any CPU.Build.0 = Debug|Any CPU
		{AA6E8F84-DDB9-491B-8E68-B4D3FE379C15}.Release|Any CPU.ActiveCfg = Release|Any CPU
		{AA6E8F84-DDB9-491B-8E68-B4D3FE379C15}.Release|Any CPU.Build.0 = Release|Any CPU
		{6EF97E4A-2876-4985-95A5-23B87413E4AA}.Debug|Any CPU.ActiveCfg = Debug|Any CPU
		{6EF97E4A-2876-4985-95A5-23B87413E4AA}.Debug|Any CPU.Build.0 = Debug|Any CPU
		{6EF97E4A-2876-4985-95A5-23B87413E4AA}.Release|Any CPU.ActiveCfg = Release|Any CPU
		{6EF97E4A-2876-4985-95A5-23B87413E4AA}.Release|Any CPU.Build.0 = Release|Any CPU
	EndGlobalSection
EndGlobal
